Microsoft Visual Studio Solution File, Format Version 9.00
# Visual Studio 2005
Project("{8BC9CEB8-8B4A-11D0-8D11-00A0C91BC942}") = "miniweb", "MiniWeb.vcproj", "{06E5025D-53D7-4B39-8D4C-D06E39A3023A}"
EndProject
Global
	GlobalSection(SolutionConfigurationPlatforms) = preSolution
		Debug|Win32 = Debug|Win32
		DebugMin|Win32 = DebugMin|Win32
		DebugMinimum|Win32 = DebugMinimum|Win32
		Minimum|Win32 = Minimum|Win32
		Release|Win32 = Release|Win32
		ReleaseMin|Win32 = ReleaseMin|Win32
		VOD Server|Win32 = VOD Server|Win32
	EndGlobalSection
	GlobalSection(ProjectConfigurationPlatforms) = postSolution
		{06E5025D-53D7-4B39-8D4C-D06E39A3023A}.Debug|Win32.ActiveCfg = Debug|Win32
		{06E5025D-53D7-4B39-8D4C-D06E39A3023A}.Debug|Win32.Build.0 = Debug|Win32
		{06E5025D-53D7-4B39-8D4C-D06E39A3023A}.DebugMin|Win32.ActiveCfg = DebugMin|Win32
		{06E5025D-53D7-4B39-8D4C-D06E39A3023A}.DebugMin|Win32.Build.0 = DebugMin|Win32
		{06E5025D-53D7-4B39-8D4C-D06E39A3023A}.DebugMinimum|Win32.ActiveCfg = DebugMin|Win32
		{06E5025D-53D7-4B39-8D4C-D06E39A3023A}.DebugMinimum|Win32.Build.0 = DebugMin|Win32
		{06E5025D-53D7-4B39-8D4C-D06E39A3023A}.Minimum|Win32.ActiveCfg = DebugMin|Win32
		{06E5025D-53D7-4B39-8D4C-D06E39A3023A}.Minimum|Win32.Build.0 = DebugMin|Win32
		{06E5025D-53D7-4B39-8D4C-D06E39A3023A}.Release|Win32.ActiveCfg = Release|Win32
		{06E5025D-53D7-4B39-8D4C-D06E39A3023A}.Release|Win32.Build.0 = Release|Win32
		{06E5025D-53D7-4B39-8D4C-D06E39A3023A}.ReleaseMin|Win32.ActiveCfg = ReleaseMin|Win32
		{06E5025D-53D7-4B39-8D4C-D06E39A3023A}.ReleaseMin|Win32.Build.0 = ReleaseMin|Win32
		{06E5025D-53D7-4B39-8D4C-D06E39A3023A}.VOD Server|Win32.ActiveCfg = VOD Server|Win32
		{06E5025D-53D7-4B39-8D4C-D06E39A3023A}.VOD Server|Win32.Build.0 = VOD Server|Win32
	EndGlobalSection
	GlobalSection(SolutionProperties) = preSolution
		HideSolutionNode = FALSE
	EndGlobalSection
EndGlobal
